<?xml version="1.0" encoding="utf-8"?>
<Project ToolsVersion="4.0" xmlns="http://schemas.microsoft.com/developer/msbuild/2003">
  <ItemGroup>
    <Filter Include="Input">
      <UniqueIdentifier>{e2453b05-085c-41af-aa58-53cd2c2cb5a9}</UniqueIdentifier>
    </Filter>
    <Filter Include="Core">
      <UniqueIdentifier>{c91c6db7-5735-438f-aad3-27f237755503}</UniqueIdentifier>
    </Filter>
    <Filter Include="Graphics">
      <UniqueIdentifier>{9750ce26-c0a2-4876-8971-1d666a08b9ca}</UniqueIdentifier>
    </Filter>
    <Filter Include="Shader Files">
      <UniqueIdentifier>{c3db56a4-7cb7-45fd-9bee-1d5ea348333e}</UniqueIdentifier>
      <Extensions>glsl</Extensions>
    </Filter>
    <Filter Include="Graphics\Shaders">
      <UniqueIdentifier>{90f20320-ec0b-4939-aa94-b93af4e79c82}</UniqueIdentifier>
    </Filter>
    <Filter Include="Core\Chunking">
      <UniqueIdentifier>{1004148e-a572-4cea-acab-67052a7cb709}</UniqueIdentifier>
    </Filter>
    <Filter Include="Math">
      <UniqueIdentifier>{eff46ea9-d12a-4d61-9f0b-f13e83ba2be1}</UniqueIdentifier>
    </Filter>
    <Filter Include="Graphics\Meshes">
      <UniqueIdentifier>{de6c2ed6-306a-4867-9b7e-c4dd5dc27974}</UniqueIdentifier>
    </Filter>
    <Filter Include="Graphics\Textures">
      <UniqueIdentifier>{6c4d219b-f368-436c-887f-e4a62a9a8eb5}</UniqueIdentifier>
    </Filter>
    <Filter Include="Core\Procedural">
      <UniqueIdentifier>{8e375280-b9ec-463c-a388-a190aa3b7009}</UniqueIdentifier>
    </Filter>
    <Filter Include="Graphics\Lighting">
      <UniqueIdentifier>{d2a68858-f17a-48a7-8724-0383c63a9610}</UniqueIdentifier>
    </Filter>
    <Filter Include="Entities">
      <UniqueIdentifier>{77cff4f7-806f-4450-b58f-2a614c21ddaf}</UniqueIdentifier>
    </Filter>
  </ItemGroup>
  <ItemGroup>
    <ClCompile Include="Camera.cpp">
      <Filter>Input</Filter>
    </ClCompile>
    <ClCompile Include="FreeCameraController.cpp">
      <Filter>Input</Filter>
    </ClCompile>
    <ClCompile Include="Primitives.cpp">
      <Filter>Graphics</Filter>
    </ClCompile>
    <ClCompile Include="Texture.cpp">
      <Filter>Graphics\Textures</Filter>
    </ClCompile>
    <ClCompile Include="TextureCache.cpp">
      <Filter>Graphics\Textures</Filter>
    </ClCompile>
    <ClCompile Include="Transform.cpp">
      <Filter>Math</Filter>
    </ClCompile>
    <ClCompile Include="Model.cpp">
      <Filter>Graphics\Meshes</Filter>
    </ClCompile>
    <ClCompile Include="ModelCache.cpp">
      <Filter>Graphics\Meshes</Filter>
    </ClCompile>
    <ClCompile Include="ChunkManager.cpp">
      <Filter>Core\Chunking</Filter>
    </ClCompile>
    <ClCompile Include="RenderingContext.cpp">
      <Filter>Core</Filter>
    </ClCompile>
    <ClCompile Include="ShaderCache.cpp">
      <Filter>Graphics\Shaders</Filter>
    </ClCompile>
    <ClCompile Include="ShaderProgram.cpp">
      <Filter>Graphics\Shaders</Filter>
    </ClCompile>
    <ClCompile Include="Main.cpp">
      <Filter>Core</Filter>
    </ClCompile>
    <ClCompile Include="TerrainBuilder.cpp">
      <Filter>Core\Procedural</Filter>
    </ClCompile>
    <ClCompile Include="LightSource.cpp">
      <Filter>Graphics\Lighting</Filter>
    </ClCompile>
    <ClCompile Include="InputManager.cpp">
      <Filter>Input</Filter>
    </ClCompile>
    <ClCompile Include="ShadowMap.cpp">
      <Filter>Graphics\Lighting</Filter>
    </ClCompile>
    <ClCompile Include="WaterRenderer.cpp">
      <Filter>Graphics</Filter>
    </ClCompile>
    <ClCompile Include="TreeBuilder.cpp">
      <Filter>Core\Procedural</Filter>
    </ClCompile>
    <ClCompile Include="Entity.cpp">
      <Filter>Entities</Filter>
    </ClCompile>
    <ClCompile Include="Player.cpp">
      <Filter>Entities</Filter>
    </ClCompile>
  </ItemGroup>
  <ItemGroup>
    <ClInclude Include="Camera.h">
      <Filter>Input</Filter>
    </ClInclude>
    <ClInclude Include="FreeCameraController.h">
      <Filter>Input</Filter>
    </ClInclude>
    <ClInclude Include="Types.h">
      <Filter>Core</Filter>
    </ClInclude>
    <ClInclude Include="ShaderCache.h">
      <Filter>Graphics\Shaders</Filter>
    </ClInclude>
    <ClInclude Include="ShaderProgram.h">
      <Filter>Graphics\Shaders</Filter>
    </ClInclude>
    <ClInclude Include="RenderingContext.h">
      <Filter>Core</Filter>
    </ClInclude>
    <ClInclude Include="Primitives.h">
      <Filter>Graphics</Filter>
    </ClInclude>
    <ClInclude Include="Block.h">
      <Filter>Graphics</Filter>
    </ClInclude>
    <ClInclude Include="Chunk.h">
      <Filter>Graphics</Filter>
    </ClInclude>
    <ClInclude Include="Texture.h">
      <Filter>Graphics\Textures</Filter>
    </ClInclude>
    <ClInclude Include="TextureCache.h">
      <Filter>Graphics\Textures</Filter>
    </ClInclude>
    <ClInclude Include="ChunkManager.h">
      <Filter>Core\Chunking</Filter>
    </ClInclude>
    <ClInclude Include="Transform.h">
      <Filter>Math</Filter>
    </ClInclude>
    <ClInclude Include="Model.h">
      <Filter>Graphics\Meshes</Filter>
    </ClInclude>
    <ClInclude Include="ModelCache.h">
      <Filter>Graphics\Meshes</Filter>
    </ClInclude>
    <ClInclude Include="TerrainBuilder.h">
      <Filter>Core\Procedural</Filter>
    </ClInclude>
    <ClInclude Include="LightSource.h">
      <Filter>Graphics\Lighting</Filter>
    </ClInclude>
    <ClInclude Include="InputManager.h">
      <Filter>Input</Filter>
    </ClInclude>
    <ClInclude Include="ShadowMap.h">
      <Filter>Graphics\Lighting</Filter>
    </ClInclude>
    <ClInclude Include="Profiling.h">
      <Filter>Core</Filter>
    </ClInclude>
    <ClInclude Include="TreeBuilder.h">
      <Filter>Core\Procedural</Filter>
    </ClInclude>
    <ClInclude Include="Profiling.h">
      <Filter>Core</Filter>
    </ClInclude>
    <ClInclude Include="WaterRenderer.h">
      <Filter>Graphics</Filter>
    </ClInclude>
    <ClInclude Include="Collision.h">
      <Filter>Entities</Filter>
    </ClInclude>
    <ClInclude Include="Entity.h">
      <Filter>Entities</Filter>
    </ClInclude>
    <ClInclude Include="SphereCollider.h">
      <Filter>Entities</Filter>
    </ClInclude>
    <ClInclude Include="Player.h">
      <Filter>Entities</Filter>
    </ClInclude>
    <ClInclude Include="AABBCollider.h">
      <Filter>Entities</Filter>
    </ClInclude>
    <ClInclude Include="Manifold.h">
      <Filter>Entities</Filter>
    </ClInclude>
  </ItemGroup>
  <ItemGroup>
    <None Include="test_cube_vert.glsl">
      <Filter>Shader Files</Filter>
    </None>
    <None Include="test_cube_frag.glsl">
      <Filter>Shader Files</Filter>
    </None>
    <None Include="chunk_vert.glsl">
      <Filter>Shader Files</Filter>
    </None>
    <None Include="chunk_frag.glsl">
      <Filter>Shader Files</Filter>
    </None>
    <None Include="skybox_frag.glsl">
      <Filter>Shader Files</Filter>
    </None>
    <None Include="skybox_vert.glsl">
      <Filter>Shader Files</Filter>
    </None>
    <None Include="shadowmap_frag.glsl">
      <Filter>Shader Files</Filter>
    </None>
    <None Include="shadowmap_vert.glsl">
      <Filter>Shader Files</Filter>
    </None>
    <None Include="chunk_normals_geo.glsl">
      <Filter>Shader Files</Filter>
    </None>
    <None Include="chunk_normals_frag.glsl">
      <Filter>Shader Files</Filter>
    </None>
    <None Include="water_frag.glsl">
      <Filter>Shader Files</Filter>
    </None>
    <None Include="water_vert.glsl">
      <Filter>Shader Files</Filter>
    </None>
  </ItemGroup>
</Project>